
Microsoft Visual Studio Solution File, Format Version 12.00
# Visual Studio 15
VisualStudioVersion = 15.0.27428.2043
MinimumVisualStudioVersion = 10.0.40219.1
Project("{FAE04EC0-301F-11D3-BF4B-00C04F79EFBC}") = "Stand.UI", "Stand\Stand.UI.csproj", "{D9E72E59-B19E-4A50-B27F-1C4B6334E63F}"
EndProject
Project("{FAE04EC0-301F-11D3-BF4B-00C04F79EFBC}") = "Stand.Domain", "Stand.Domain\Stand.Domain.csproj", "{21D6E63D-69E0-46E1-8C81-326FBA3906C0}"
EndProject
Project("{FAE04EC0-301F-11D3-BF4B-00C04F79EFBC}") = "EditorXML", "EditorXML\EditorXML.csproj", "{17C04C6D-613D-4673-9FD3-64AB0E5D2814}"
EndProject
Project("{FAE04EC0-301F-11D3-BF4B-00C04F79EFBC}") = "Stand.General", "Stand.General\Stand.General.csproj", "{DE5839FD-29D8-4DF0-97E2-3A3ECB96317F}"
EndProject
Project("{FAE04EC0-301F-11D3-BF4B-00C04F79EFBC}") = "Stand.IoC", "Stand.IoC\Stand.IoC.csproj", "{06422D9B-04C7-4DEE-9D8B-BC28DB6CDB49}"
EndProject
Global
	GlobalSection(SolutionConfigurationPlatforms) = preSolution
		Debug|Any CPU = Debug|Any CPU
		Debug2|Any CPU = Debug2|Any CPU
		Release|Any CPU = Release|Any CPU
	EndGlobalSection
	GlobalSection(ProjectConfigurationPlatforms) = postSolution
		{D9E72E59-B19E-4A50-B27F-1C4B6334E63F}.Debug|Any CPU.ActiveCfg = Debug|Any CPU
		{D9E72E59-B19E-4A50-B27F-1C4B6334E63F}.Debug|Any CPU.Build.0 = Debug|Any CPU
		{D9E72E59-B19E-4A50-B27F-1C4B6334E63F}.Debug2|Any CPU.ActiveCfg = Debug|Any CPU
		{D9E72E59-B19E-4A50-B27F-1C4B6334E63F}.Debug2|Any CPU.Build.0 = Debug|Any CPU
		{D9E72E59-B19E-4A50-B27F-1C4B6334E63F}.Release|Any CPU.ActiveCfg = Release|Any CPU
		{D9E72E59-B19E-4A50-B27F-1C4B6334E63F}.Release|Any CPU.Build.0 = Release|Any CPU
		{21D6E63D-69E0-46E1-8C81-326FBA3906C0}.Debug|Any CPU.ActiveCfg = Debug|Any CPU
		{21D6E63D-69E0-46E1-8C81-326FBA3906C0}.Debug|Any CPU.Build.0 = Debug|Any CPU
		{21D6E63D-69E0-46E1-8C81-326FBA3906C0}.Debug2|Any CPU.ActiveCfg = Debug|Any CPU
		{21D6E63D-69E0-46E1-8C81-326FBA3906C0}.Debug2|Any CPU.Build.0 = Debug|Any CPU
		{21D6E63D-69E0-46E1-8C81-326FBA3906C0}.Release|Any CPU.ActiveCfg = Release|Any CPU
		{21D6E63D-69E0-46E1-8C81-326FBA3906C0}.Release|Any CPU.Build.0 = Release|Any CPU
		{17C04C6D-613D-4673-9FD3-64AB0E5D2814}.Debug|Any CPU.ActiveCfg = Debug|Any CPU
		{17C04C6D-613D-4673-9FD3-64AB0E5D2814}.Debug|Any CPU.Build.0 = Debug|Any CPU
		{17C04C6D-613D-4673-9FD3-64AB0E5D2814}.Debug2|Any CPU.ActiveCfg = Debug|Any CPU
		{17C04C6D-613D-4673-9FD3-64AB0E5D2814}.Debug2|Any CPU.Build.0 = Debug|Any CPU
		{17C04C6D-613D-4673-9FD3-64AB0E5D2814}.Release|Any CPU.ActiveCfg = Release|Any CPU
		{17C04C6D-613D-4673-9FD3-64AB0E5D2814}.Release|Any CPU.Build.0 = Release|Any CPU
		{DE5839FD-29D8-4DF0-97E2-3A3ECB96317F}.Debug|Any CPU.ActiveCfg = Debug|Any CPU
		{DE5839FD-29D8-4DF0-97E2-3A3ECB96317F}.Debug|Any CPU.Build.0 = Debug|Any CPU
		{DE5839FD-29D8-4DF0-97E2-3A3ECB96317F}.Debug2|Any CPU.ActiveCfg = Debug|Any CPU
		{DE5839FD-29D8-4DF0-97E2-3A3ECB96317F}.Debug2|Any CPU.Build.0 = Debug|Any CPU
		{DE5839FD-29D8-4DF0-97E2-3A3ECB96317F}.Release|Any CPU.ActiveCfg = Release|Any CPU
		{DE5839FD-29D8-4DF0-97E2-3A3ECB96317F}.Release|Any CPU.Build.0 = Release|Any CPU
		{06422D9B-04C7-4DEE-9D8B-BC28DB6CDB49}.Debug|Any CPU.ActiveCfg = Debug|Any CPU
		{06422D9B-04C7-4DEE-9D8B-BC28DB6CDB49}.Debug|Any CPU.Build.0 = Debug|Any CPU
		{06422D9B-04C7-4DEE-9D8B-BC28DB6CDB49}.Debug2|Any CPU.ActiveCfg = Debug|Any CPU
		{06422D9B-04C7-4DEE-9D8B-BC28DB6CDB49}.Debug2|Any CPU.Build.0 = Debug|Any CPU
		{06422D9B-04C7-4DEE-9D8B-BC28DB6CDB49}.Release|Any CPU.ActiveCfg = Release|Any CPU
		{06422D9B-04C7-4DEE-9D8B-BC28DB6CDB49}.Release|Any CPU.Build.0 = Release|Any CPU
	EndGlobalSection
	GlobalSection(SolutionProperties) = preSolution
		HideSolutionNode = FALSE
	EndGlobalSection
	GlobalSection(ExtensibilityGlobals) = postSolution
		SolutionGuid = {2BD1EE2D-B51A-4386-96D2-524461F4938E}
	EndGlobalSection
EndGlobal
